
Microsoft Visual Studio Solution File, Format Version 12.00
# Visual Studio Version 16
VisualStudioVersion = 16.0.28803.202
MinimumVisualStudioVersion = 10.0.40219.1
Project("{FAE04EC0-301F-11D3-BF4B-00C04F79EFBC}") = "ShopList3", "ShopList3\ShopList3.csproj", "{D8961C8B-3D6E-486A-823F-C79DF4CC790C}"
EndProject
Global
	GlobalSection(SolutionConfigurationPlatforms) = preSolution
		Debug|Any CPU = Debug|Any CPU
		Release|Any CPU = Release|Any CPU
	EndGlobalSection
	GlobalSection(ProjectConfigurationPlatforms) = postSolution
		{D8961C8B-3D6E-486A-823F-C79DF4CC790C}.Debug|Any CPU.ActiveCfg = Debug|Any CPU
		{D8961C8B-3D6E-486A-823F-C79DF4CC790C}.Debug|Any CPU.Build.0 = Debug|Any CPU
		{D8961C8B-3D6E-486A-823F-C79DF4CC790C}.Debug|Any CPU.Deploy.0 = Debug|Any CPU
		{D8961C8B-3D6E-486A-823F-C79DF4CC790C}.Release|Any CPU.ActiveCfg = Release|Any CPU
		{D8961C8B-3D6E-486A-823F-C79DF4CC790C}.Release|Any CPU.Build.0 = Release|Any CPU
		{D8961C8B-3D6E-486A-823F-C79DF4CC790C}.Release|Any CPU.Deploy.0 = Release|Any CPU
	EndGlobalSection
	GlobalSection(SolutionProperties) = preSolution
		HideSolutionNode = FALSE
	EndGlobalSection
	GlobalSection(ExtensibilityGlobals) = postSolution
		SolutionGuid = {89E4699C-06EF-40AD-BCE5-7FF4E3CB29E6}
	EndGlobalSection
EndGlobal
